Microsoft Visual Studio Solution File, Format Version 12.00
# Visual Studio 14
VisualStudioVersion = 14.0.25123.0
MinimumVisualStudioVersion = 10.0.40219.1
Project("{2150E333-8FDC-42A3-9474-1A3956D46DE8}") = ".paket", ".paket", "{63297B98-5CED-492C-A5B7-A5B4F73CF142}"
	ProjectSection(SolutionItems) = preProject
		paket.dependencies = paket.dependencies
		paket.lock = paket.lock
	EndProjectSection
EndProject
Project("{2150E333-8FDC-42A3-9474-1A3956D46DE8}") = "docs", "docs", "{A6A6AF7D-D6E3-442D-9B1E-58CC91879BE1}"
EndProject
Project("{F2A71F9B-5D33-465A-A702-920D77279786}") = "FSharpApiSearch", "src\FSharpApiSearch\FSharpApiSearch.fsproj", "{DDC5E009-4EFA-49EB-B4AA-46216D00992E}"
EndProject
Project("{2150E333-8FDC-42A3-9474-1A3956D46DE8}") = "project", "project", "{BF60BC93-E09B-4E5F-9D85-95A519479D54}"
	ProjectSection(SolutionItems) = preProject
		build.fsx = build.fsx
		README.md = README.md
		RELEASE_NOTES.md = RELEASE_NOTES.md
	EndProjectSection
EndProject
Project("{2150E333-8FDC-42A3-9474-1A3956D46DE8}") = "tools", "tools", "{83F16175-43B1-4C90-A1EE-8E351C33435D}"
	ProjectSection(SolutionItems) = preProject
		docs\tools\generate.fsx = docs\tools\generate.fsx
		docs\tools\templates\template.cshtml = docs\tools\templates\template.cshtml
	EndProjectSection
EndProject
Project("{2150E333-8FDC-42A3-9474-1A3956D46DE8}") = "content", "content", "{8E6D5255-776D-4B61-85F9-73C37AA1FB9A}"
	ProjectSection(SolutionItems) = preProject
		docs\content\index.fsx = docs\content\index.fsx
		docs\content\tutorial.fsx = docs\content\tutorial.fsx
	EndProjectSection
EndProject
Project("{2150E333-8FDC-42A3-9474-1A3956D46DE8}") = "tests", "tests", "{ED8079DD-2B06-4030-9F0F-DC548F98E1C4}"
EndProject
Project("{F2A71F9B-5D33-465A-A702-920D77279786}") = "FSharpApiSearch.Tests", "tests\FSharpApiSearch.Tests\FSharpApiSearch.Tests.fsproj", "{88A38F77-760F-4E3A-8A2D-7BC80B7C5A8C}"
EndProject
Project("{F2A71F9B-5D33-465A-A702-920D77279786}") = "LoadTestAssembly", "tests\LoadTestAssembly\LoadTestAssembly.fsproj", "{C05F3812-B549-4220-9853-EB4BBBF6C78B}"
EndProject
Project("{F2A71F9B-5D33-465A-A702-920D77279786}") = "SearchTestAssembly", "tests\SearchTestAssembly\SearchTestAssembly.fsproj", "{73F7A955-3F4B-41A0-A522-3C0284B836C6}"
EndProject
Project("{F2A71F9B-5D33-465A-A702-920D77279786}") = "FSharpApiSearch.Console", "src\FSharpApiSearch.Console\FSharpApiSearch.Console.fsproj", "{2C2F8D38-E62F-41CD-A4CC-DC5C74DF3B08}"
EndProject
Project("{F2A71F9B-5D33-465A-A702-920D77279786}") = "FSharpApiSearch.Trace", "tests\FSharpApiSearch.Trace\FSharpApiSearch.Trace.fsproj", "{9B49EA5B-EF46-44D5-ABDE-58E092F72FA9}"
EndProject
Project("{FAE04EC0-301F-11D3-BF4B-00C04F79EFBC}") = "CSharpLoadTestAssembly", "tests\CSharpLoadTestAssembly\CSharpLoadTestAssembly.csproj", "{6273542C-01F5-4EBF-8AAB-9FCAA96BEA62}"
EndProject
Project("{F2A71F9B-5D33-465A-A702-920D77279786}") = "FSharpApiSearch.Database", "src\FSharpApiSearch.Database\FSharpApiSearch.Database.fsproj", "{161B5314-CBE0-4DF5-A627-72DC0015401D}"
EndProject
Global
	GlobalSection(SolutionConfigurationPlatforms) = preSolution
		Debug|Any CPU = Debug|Any CPU
		Release|Any CPU = Release|Any CPU
	EndGlobalSection
	GlobalSection(ProjectConfigurationPlatforms) = postSolution
		{DDC5E009-4EFA-49EB-B4AA-46216D00992E}.Debug|Any CPU.ActiveCfg = Debug|Any CPU
		{DDC5E009-4EFA-49EB-B4AA-46216D00992E}.Debug|Any CPU.Build.0 = Debug|Any CPU
		{DDC5E009-4EFA-49EB-B4AA-46216D00992E}.Release|Any CPU.ActiveCfg = Release|Any CPU
		{DDC5E009-4EFA-49EB-B4AA-46216D00992E}.Release|Any CPU.Build.0 = Release|Any CPU
		{88A38F77-760F-4E3A-8A2D-7BC80B7C5A8C}.Debug|Any CPU.ActiveCfg = Debug|Any CPU
		{88A38F77-760F-4E3A-8A2D-7BC80B7C5A8C}.Debug|Any CPU.Build.0 = Debug|Any CPU
		{88A38F77-760F-4E3A-8A2D-7BC80B7C5A8C}.Release|Any CPU.ActiveCfg = Release|Any CPU
		{88A38F77-760F-4E3A-8A2D-7BC80B7C5A8C}.Release|Any CPU.Build.0 = Release|Any CPU
		{C05F3812-B549-4220-9853-EB4BBBF6C78B}.Debug|Any CPU.ActiveCfg = Debug|Any CPU
		{C05F3812-B549-4220-9853-EB4BBBF6C78B}.Debug|Any CPU.Build.0 = Debug|Any CPU
		{C05F3812-B549-4220-9853-EB4BBBF6C78B}.Release|Any CPU.ActiveCfg = Release|Any CPU
		{C05F3812-B549-4220-9853-EB4BBBF6C78B}.Release|Any CPU.Build.0 = Release|Any CPU
		{73F7A955-3F4B-41A0-A522-3C0284B836C6}.Debug|Any CPU.ActiveCfg = Debug|Any CPU
		{73F7A955-3F4B-41A0-A522-3C0284B836C6}.Debug|Any CPU.Build.0 = Debug|Any CPU
		{73F7A955-3F4B-41A0-A522-3C0284B836C6}.Release|Any CPU.ActiveCfg = Release|Any CPU
		{73F7A955-3F4B-41A0-A522-3C0284B836C6}.Release|Any CPU.Build.0 = Release|Any CPU
		{2C2F8D38-E62F-41CD-A4CC-DC5C74DF3B08}.Debug|Any CPU.ActiveCfg = Debug|Any CPU
		{2C2F8D38-E62F-41CD-A4CC-DC5C74DF3B08}.Debug|Any CPU.Build.0 = Debug|Any CPU
		{2C2F8D38-E62F-41CD-A4CC-DC5C74DF3B08}.Release|Any CPU.ActiveCfg = Release|Any CPU
		{2C2F8D38-E62F-41CD-A4CC-DC5C74DF3B08}.Release|Any CPU.Build.0 = Release|Any CPU
		{9B49EA5B-EF46-44D5-ABDE-58E092F72FA9}.Debug|Any CPU.ActiveCfg = Debug|Any CPU
		{9B49EA5B-EF46-44D5-ABDE-58E092F72FA9}.Debug|Any CPU.Build.0 = Debug|Any CPU
		{9B49EA5B-EF46-44D5-ABDE-58E092F72FA9}.Release|Any CPU.ActiveCfg = Release|Any CPU
		{9B49EA5B-EF46-44D5-ABDE-58E092F72FA9}.Release|Any CPU.Build.0 = Release|Any CPU
		{6273542C-01F5-4EBF-8AAB-9FCAA96BEA62}.Debug|Any CPU.ActiveCfg = Debug|Any CPU
		{6273542C-01F5-4EBF-8AAB-9FCAA96BEA62}.Debug|Any CPU.Build.0 = Debug|Any CPU
		{6273542C-01F5-4EBF-8AAB-9FCAA96BEA62}.Release|Any CPU.ActiveCfg = Release|Any CPU
		{6273542C-01F5-4EBF-8AAB-9FCAA96BEA62}.Release|Any CPU.Build.0 = Release|Any CPU
		{161B5314-CBE0-4DF5-A627-72DC0015401D}.Debug|Any CPU.ActiveCfg = Debug|Any CPU
		{161B5314-CBE0-4DF5-A627-72DC0015401D}.Debug|Any CPU.Build.0 = Debug|Any CPU
		{161B5314-CBE0-4DF5-A627-72DC0015401D}.Release|Any CPU.ActiveCfg = Release|Any CPU
		{161B5314-CBE0-4DF5-A627-72DC0015401D}.Release|Any CPU.Build.0 = Release|Any CPU
	EndGlobalSection
	GlobalSection(SolutionProperties) = preSolution
		HideSolutionNode = FALSE
	EndGlobalSection
	GlobalSection(NestedProjects) = preSolution
		{83F16175-43B1-4C90-A1EE-8E351C33435D} = {A6A6AF7D-D6E3-442D-9B1E-58CC91879BE1}
		{8E6D5255-776D-4B61-85F9-73C37AA1FB9A} = {A6A6AF7D-D6E3-442D-9B1E-58CC91879BE1}
		{88A38F77-760F-4E3A-8A2D-7BC80B7C5A8C} = {ED8079DD-2B06-4030-9F0F-DC548F98E1C4}
		{C05F3812-B549-4220-9853-EB4BBBF6C78B} = {ED8079DD-2B06-4030-9F0F-DC548F98E1C4}
		{73F7A955-3F4B-41A0-A522-3C0284B836C6} = {ED8079DD-2B06-4030-9F0F-DC548F98E1C4}
		{9B49EA5B-EF46-44D5-ABDE-58E092F72FA9} = {ED8079DD-2B06-4030-9F0F-DC548F98E1C4}
		{6273542C-01F5-4EBF-8AAB-9FCAA96BEA62} = {ED8079DD-2B06-4030-9F0F-DC548F98E1C4}
	EndGlobalSection
EndGlobal
